
Microsoft Visual Studio Solution File, Format Version 12.00
# Visual Studio 15
VisualStudioVersion = 15.0.28307.421
MinimumVisualStudioVersion = 10.0.40219.1
Project("{FAE04EC0-301F-11D3-BF4B-00C04F79EFBC}") = "NewTestFunction", "NewTestFunction\NewTestFunction.csproj", "{26664680-E937-4638-B859-F7B9E41456EF}"
EndProject
Global
	GlobalSection(SolutionConfigurationPlatforms) = preSolution
		Debug|Any CPU = Debug|Any CPU
		Release|Any CPU = Release|Any CPU
	EndGlobalSection
	GlobalSection(ProjectConfigurationPlatforms) = postSolution
		{26664680-E937-4638-B859-F7B9E41456EF}.Debug|Any CPU.ActiveCfg = Debug|Any CPU
		{26664680-E937-4638-B859-F7B9E41456EF}.Debug|Any CPU.Build.0 = Debug|Any CPU
		{26664680-E937-4638-B859-F7B9E41456EF}.Release|Any CPU.ActiveCfg = Release|Any CPU
		{26664680-E937-4638-B859-F7B9E41456EF}.Release|Any CPU.Build.0 = Release|Any CPU
	EndGlobalSection
	GlobalSection(SolutionProperties) = preSolution
		HideSolutionNode = FALSE
	EndGlobalSection
	GlobalSection(ExtensibilityGlobals) = postSolution
		SolutionGuid = {F8F940E0-1DD6-4BEC-A5B1-3997283AD16A}
	EndGlobalSection
EndGlobal
